// !$*UTF8*$!
{
	archiveVersion = 1;
	classes = {
	};
	objectVersion = 56;
	objects = {

/* Begin PBXBuildFile section */
		50BA59E42ADFC80A00618DFF /* WeatherForecastTableViewCell.swift in Sources */ = {isa = PBXBuildFile; fileRef = 50BA59E22ADFC80A00618DFF /* WeatherForecastTableViewCell.swift */; };
		50BA59E52ADFC80A00618DFF /* WeatherForecastTableViewCell.xib in Resources */ = {isa = PBXBuildFile; fileRef = 50BA59E32ADFC80A00618DFF /* WeatherForecastTableViewCell.xib */; };
		50BA59E82ADFD2A000618DFF /* String+Ext.swift in Sources */ = {isa = PBXBuildFile; fileRef = 50BA59E72ADFD2A000618DFF /* String+Ext.swift */; };
		50BA59EA2ADFD55D00618DFF /* UIImageView+Ext.swift in Sources */ = {isa = PBXBuildFile; fileRef = 50BA59E92ADFD55D00618DFF /* UIImageView+Ext.swift */; };
		50BA59EC2ADFE02A00618DFF /* WeatherDetailViewmodel.swift in Sources */ = {isa = PBXBuildFile; fileRef = 50BA59EB2ADFE02A00618DFF /* WeatherDetailViewmodel.swift */; };
		50ECE7142AE01D53002A0C31 /* Main.storyboard in Resources */ = {isa = PBXBuildFile; fileRef = 50ECE7132AE01D53002A0C31 /* Main.storyboard */; };
		923019552ADE9ADA00DCB90D /* AppDelegate.swift in Sources */ = {isa = PBXBuildFile; fileRef = 923019542ADE9ADA00DCB90D /* AppDelegate.swift */; };
		923019572ADE9ADA00DCB90D /* SceneDelegate.swift in Sources */ = {isa = PBXBuildFile; fileRef = 923019562ADE9ADA00DCB90D /* SceneDelegate.swift */; };
		923019592ADE9ADA00DCB90D /* ViewController.swift in Sources */ = {isa = PBXBuildFile; fileRef = 923019582ADE9ADA00DCB90D /* ViewController.swift */; };
		9230195E2ADE9ADB00DCB90D /* Assets.xcassets in Resources */ = {isa = PBXBuildFile; fileRef = 9230195D2ADE9ADB00DCB90D /* Assets.xcassets */; };
		923019612ADE9ADB00DCB90D /* LaunchScreen.storyboard in Resources */ = {isa = PBXBuildFile; fileRef = 9230195F2ADE9ADB00DCB90D /* LaunchScreen.storyboard */; };
		9230196C2ADE9ADB00DCB90D /* WeatherAppTests.swift in Sources */ = {isa = PBXBuildFile; fileRef = 9230196B2ADE9ADB00DCB90D /* WeatherAppTests.swift */; };
		923019762ADE9ADB00DCB90D /* WeatherAppUITests.swift in Sources */ = {isa = PBXBuildFile; fileRef = 923019752ADE9ADB00DCB90D /* WeatherAppUITests.swift */; };
		923019782ADE9ADB00DCB90D /* WeatherAppUITestsLaunchTests.swift in Sources */ = {isa = PBXBuildFile; fileRef = 923019772ADE9ADB00DCB90D /* WeatherAppUITestsLaunchTests.swift */; };
		923019852ADE9EAB00DCB90D /* DetailViewController.swift in Sources */ = {isa = PBXBuildFile; fileRef = 923019842ADE9EAB00DCB90D /* DetailViewController.swift */; };
		923019892ADE9F5C00DCB90D /* DetailTableViewCell.swift in Sources */ = {isa = PBXBuildFile; fileRef = 923019872ADE9F5C00DCB90D /* DetailTableViewCell.swift */; };
		9230198A2ADE9F5C00DCB90D /* DetailTableViewCell.xib in Resources */ = {isa = PBXBuildFile; fileRef = 923019882ADE9F5C00DCB90D /* DetailTableViewCell.xib */; };
		9230198C2ADEA07300DCB90D /* APIManager.swift in Sources */ = {isa = PBXBuildFile; fileRef = 9230198B2ADEA07300DCB90D /* APIManager.swift */; };
		9230198F2ADEA08F00DCB90D /* APIServices.swift in Sources */ = {isa = PBXBuildFile; fileRef = 9230198E2ADEA08F00DCB90D /* APIServices.swift */; };
		923019942ADEA15B00DCB90D /* Enums.swift in Sources */ = {isa = PBXBuildFile; fileRef = 923019932ADEA15B00DCB90D /* Enums.swift */; };
		923019962ADEBA0500DCB90D /* FoodMenuTableViewCell.swift in Sources */ = {isa = PBXBuildFile; fileRef = 923019952ADEBA0500DCB90D /* FoodMenuTableViewCell.swift */; };
		923019982ADEBA0E00DCB90D /* FoodMenuTableViewCell.xib in Resources */ = {isa = PBXBuildFile; fileRef = 923019972ADEBA0E00DCB90D /* FoodMenuTableViewCell.xib */; };
		9230199C2ADEC59F00DCB90D /* CurrentWeatherModel.swift in Sources */ = {isa = PBXBuildFile; fileRef = 9230199B2ADEC59F00DCB90D /* CurrentWeatherModel.swift */; };
		9230199E2ADEC5AD00DCB90D /* CurrentWeatherViewModel.swift in Sources */ = {isa = PBXBuildFile; fileRef = 9230199D2ADEC5AD00DCB90D /* CurrentWeatherViewModel.swift */; };
		923019A02ADEC6B100DCB90D /* ForecastModel.swift in Sources */ = {isa = PBXBuildFile; fileRef = 9230199F2ADEC6B100DCB90D /* ForecastModel.swift */; };
		923019A22ADEC89800DCB90D /* WeatherApiService.swift in Sources */ = {isa = PBXBuildFile; fileRef = 923019A12ADEC89800DCB90D /* WeatherApiService.swift */; };
		923019A42ADECC7F00DCB90D /* CurrentLocation.swift in Sources */ = {isa = PBXBuildFile; fileRef = 923019A32ADECC7F00DCB90D /* CurrentLocation.swift */; };
/* End PBXBuildFile section */

/* Begin PBXContainerItemProxy section */
		923019682ADE9ADB00DCB90D /* PBXContainerItemProxy */ = {
			isa = PBXContainerItemProxy;
			containerPortal = 923019492ADE9ADA00DCB90D /* Project object */;
			proxyType = 1;
			remoteGlobalIDString = 923019502ADE9ADA00DCB90D;
			remoteInfo = WeatherApp;
		};
		923019722ADE9ADB00DCB90D /* PBXContainerItemProxy */ = {
			isa = PBXContainerItemProxy;
			containerPortal = 923019492ADE9ADA00DCB90D /* Project object */;
			proxyType = 1;
			remoteGlobalIDString = 923019502ADE9ADA00DCB90D;
			remoteInfo = WeatherApp;
		};
/* End PBXContainerItemProxy section */

/* Begin PBXFileReference section */
		50BA59E22ADFC80A00618DFF /* WeatherForecastTableViewCell.swift */ = {isa = PBXFileReference; lastKnownFileType = sourcecode.swift; path = WeatherForecastTableViewCell.swift; sourceTree = "<group>"; };
		50BA59E32ADFC80A00618DFF /* WeatherForecastTableViewCell.xib */ = {isa = PBXFileReference; lastKnownFileType = file.xib; path = WeatherForecastTableViewCell.xib; sourceTree = "<group>"; };
		50BA59E72ADFD2A000618DFF /* String+Ext.swift */ = {isa = PBXFileReference; lastKnownFileType = sourcecode.swift; path = "String+Ext.swift"; sourceTree = "<group>"; };
		50BA59E92ADFD55D00618DFF /* UIImageView+Ext.swift */ = {isa = PBXFileReference; lastKnownFileType = sourcecode.swift; path = "UIImageView+Ext.swift"; sourceTree = "<group>"; };
		50BA59EB2ADFE02A00618DFF /* WeatherDetailViewmodel.swift */ = {isa = PBXFileReference; lastKnownFileType = sourcecode.swift; path = WeatherDetailViewmodel.swift; sourceTree = "<group>"; };
		50ECE7132AE01D53002A0C31 /* Main.storyboard */ = {isa = PBXFileReference; fileEncoding = 4; lastKnownFileType = file.storyboard; path = Main.storyboard; sourceTree = "<group>"; };
		923019512ADE9ADA00DCB90D /* WeatherApp.app */ = {isa = PBXFileReference; explicitFileType = wrapper.application; includeInIndex = 0; path = WeatherApp.app; sourceTree = BUILT_PRODUCTS_DIR; };
		923019542ADE9ADA00DCB90D /* AppDelegate.swift */ = {isa = PBXFileReference; lastKnownFileType = sourcecode.swift; path = AppDelegate.swift; sourceTree = "<group>"; };
		923019562ADE9ADA00DCB90D /* SceneDelegate.swift */ = {isa = PBXFileReference; lastKnownFileType = sourcecode.swift; path = SceneDelegate.swift; sourceTree = "<group>"; };
		923019582ADE9ADA00DCB90D /* ViewController.swift */ = {isa = PBXFileReference; lastKnownFileType = sourcecode.swift; path = ViewController.swift; sourceTree = "<group>"; };
		9230195D2ADE9ADB00DCB90D /* Assets.xcassets */ = {isa = PBXFileReference; lastKnownFileType = folder.assetcatalog; path = Assets.xcassets; sourceTree = "<group>"; };
		923019602ADE9ADB00DCB90D /* Base */ = {isa = PBXFileReference; lastKnownFileType = file.storyboard; name = Base; path = Base.lproj/LaunchScreen.storyboard; sourceTree = "<group>"; };
		923019622ADE9ADB00DCB90D /* Info.plist */ = {isa = PBXFileReference; lastKnownFileType = text.plist.xml; path = Info.plist; sourceTree = "<group>"; };
		923019672ADE9ADB00DCB90D /* WeatherAppTests.xctest */ = {isa = PBXFileReference; explicitFileType = wrapper.cfbundle; includeInIndex = 0; path = WeatherAppTests.xctest; sourceTree = BUILT_PRODUCTS_DIR; };
		9230196B2ADE9ADB00DCB90D /* WeatherAppTests.swift */ = {isa = PBXFileReference; lastKnownFileType = sourcecode.swift; path = WeatherAppTests.swift; sourceTree = "<group>"; };
		923019712ADE9ADB00DCB90D /* WeatherAppUITests.xctest */ = {isa = PBXFileReference; explicitFileType = wrapper.cfbundle; includeInIndex = 0; path = WeatherAppUITests.xctest; sourceTree = BUILT_PRODUCTS_DIR; };
		923019752ADE9ADB00DCB90D /* WeatherAppUITests.swift */ = {isa = PBXFileReference; lastKnownFileType = sourcecode.swift; path = WeatherAppUITests.swift; sourceTree = "<group>"; };
		923019772ADE9ADB00DCB90D /* WeatherAppUITestsLaunchTests.swift */ = {isa = PBXFileReference; lastKnownFileType = sourcecode.swift; path = WeatherAppUITestsLaunchTests.swift; sourceTree = "<group>"; };
		923019842ADE9EAB00DCB90D /* DetailViewController.swift */ = {isa = PBXFileReference; lastKnownFileType = sourcecode.swift; path = DetailViewController.swift; sourceTree = "<group>"; };
		923019872ADE9F5C00DCB90D /* DetailTableViewCell.swift */ = {isa = PBXFileReference; lastKnownFileType = sourcecode.swift; path = DetailTableViewCell.swift; sourceTree = "<group>"; };
		923019882ADE9F5C00DCB90D /* DetailTableViewCell.xib */ = {isa = PBXFileReference; lastKnownFileType = file.xib; path = DetailTableViewCell.xib; sourceTree = "<group>"; };
		9230198B2ADEA07300DCB90D /* APIManager.swift */ = {isa = PBXFileReference; lastKnownFileType = sourcecode.swift; path = APIManager.swift; sourceTree = "<group>"; };
		9230198E2ADEA08F00DCB90D /* APIServices.swift */ = {isa = PBXFileReference; lastKnownFileType = sourcecode.swift; path = APIServices.swift; sourceTree = "<group>"; };
		923019932ADEA15B00DCB90D /* Enums.swift */ = {isa = PBXFileReference; lastKnownFileType = sourcecode.swift; path = Enums.swift; sourceTree = "<group>"; };
		923019952ADEBA0500DCB90D /* FoodMenuTableViewCell.swift */ = {isa = PBXFileReference; fileEncoding = 4; lastKnownFileType = sourcecode.swift; path = FoodMenuTableViewCell.swift; sourceTree = "<group>"; };
		923019972ADEBA0E00DCB90D /* FoodMenuTableViewCell.xib */ = {isa = PBXFileReference; fileEncoding = 4; lastKnownFileType = file.xib; path = FoodMenuTableViewCell.xib; sourceTree = "<group>"; };
		9230199B2ADEC59F00DCB90D /* CurrentWeatherModel.swift */ = {isa = PBXFileReference; lastKnownFileType = sourcecode.swift; path = CurrentWeatherModel.swift; sourceTree = "<group>"; };
		9230199D2ADEC5AD00DCB90D /* CurrentWeatherViewModel.swift */ = {isa = PBXFileReference; lastKnownFileType = sourcecode.swift; path = CurrentWeatherViewModel.swift; sourceTree = "<group>"; };
		9230199F2ADEC6B100DCB90D /* ForecastModel.swift */ = {isa = PBXFileReference; lastKnownFileType = sourcecode.swift; path = ForecastModel.swift; sourceTree = "<group>"; };
		923019A12ADEC89800DCB90D /* WeatherApiService.swift */ = {isa = PBXFileReference; lastKnownFileType = sourcecode.swift; path = WeatherApiService.swift; sourceTree = "<group>"; };
		923019A32ADECC7F00DCB90D /* CurrentLocation.swift */ = {isa = PBXFileReference; lastKnownFileType = sourcecode.swift; path = CurrentLocation.swift; sourceTree = "<group>"; };
/* End PBXFileReference section */

/* Begin PBXFrameworksBuildPhase section */
		9230194E2ADE9ADA00DCB90D /* Frameworks */ = {
			isa = PBXFrameworksBuildPhase;
			buildActionMask = 2147483647;
			files = (
			);
			runOnlyForDeploymentPostprocessing = 0;
		};
		923019642ADE9ADB00DCB90D /* Frameworks */ = {
			isa = PBXFrameworksBuildPhase;
			buildActionMask = 2147483647;
			files = (
			);
			runOnlyForDeploymentPostprocessing = 0;
		};
		9230196E2ADE9ADB00DCB90D /* Frameworks */ = {
			isa = PBXFrameworksBuildPhase;
			buildActionMask = 2147483647;
			files = (
			);
			runOnlyForDeploymentPostprocessing = 0;
		};
/* End PBXFrameworksBuildPhase section */

/* Begin PBXGroup section */
		50BA59E62ADFD27500618DFF /* Extensions */ = {
			isa = PBXGroup;
			children = (
				50BA59E72ADFD2A000618DFF /* String+Ext.swift */,
				50BA59E92ADFD55D00618DFF /* UIImageView+Ext.swift */,
			);
			path = Extensions;
			sourceTree = "<group>";
		};
		923019482ADE9ADA00DCB90D = {
			isa = PBXGroup;
			children = (
				923019532ADE9ADA00DCB90D /* WeatherApp */,
				9230196A2ADE9ADB00DCB90D /* WeatherAppTests */,
				923019742ADE9ADB00DCB90D /* WeatherAppUITests */,
				923019522ADE9ADA00DCB90D /* Products */,
			);
			sourceTree = "<group>";
		};
		923019522ADE9ADA00DCB90D /* Products */ = {
			isa = PBXGroup;
			children = (
				923019512ADE9ADA00DCB90D /* WeatherApp.app */,
				923019672ADE9ADB00DCB90D /* WeatherAppTests.xctest */,
				923019712ADE9ADB00DCB90D /* WeatherAppUITests.xctest */,
			);
			name = Products;
			sourceTree = "<group>";
		};
		923019532ADE9ADA00DCB90D /* WeatherApp */ = {
			isa = PBXGroup;
			children = (
				50BA59E62ADFD27500618DFF /* Extensions */,
				9230199A2ADEC58D00DCB90D /* Model */,
				923019992ADEC58300DCB90D /* ViewModel */,
				923019622ADE9ADB00DCB90D /* Info.plist */,
				923019922ADEA14100DCB90D /* CommonClass */,
				923019912ADEA12400DCB90D /* ViewController */,
				923019902ADEA0F000DCB90D /* Utility */,
				9230198D2ADEA07700DCB90D /* APIHandler */,
			);
			path = WeatherApp;
			sourceTree = "<group>";
		};
		9230196A2ADE9ADB00DCB90D /* WeatherAppTests */ = {
			isa = PBXGroup;
			children = (
				9230196B2ADE9ADB00DCB90D /* WeatherAppTests.swift */,
			);
			path = WeatherAppTests;
			sourceTree = "<group>";
		};
		923019742ADE9ADB00DCB90D /* WeatherAppUITests */ = {
			isa = PBXGroup;
			children = (
				923019752ADE9ADB00DCB90D /* WeatherAppUITests.swift */,
				923019772ADE9ADB00DCB90D /* WeatherAppUITestsLaunchTests.swift */,
			);
			path = WeatherAppUITests;
			sourceTree = "<group>";
		};
		923019862ADE9F3600DCB90D /* CustomCells */ = {
			isa = PBXGroup;
			children = (
				923019972ADEBA0E00DCB90D /* FoodMenuTableViewCell.xib */,
				923019952ADEBA0500DCB90D /* FoodMenuTableViewCell.swift */,
				923019872ADE9F5C00DCB90D /* DetailTableViewCell.swift */,
				923019882ADE9F5C00DCB90D /* DetailTableViewCell.xib */,
				50BA59E22ADFC80A00618DFF /* WeatherForecastTableViewCell.swift */,
				50BA59E32ADFC80A00618DFF /* WeatherForecastTableViewCell.xib */,
			);
			path = CustomCells;
			sourceTree = "<group>";
		};
		9230198D2ADEA07700DCB90D /* APIHandler */ = {
			isa = PBXGroup;
			children = (
				9230198B2ADEA07300DCB90D /* APIManager.swift */,
				9230198E2ADEA08F00DCB90D /* APIServices.swift */,
				923019A12ADEC89800DCB90D /* WeatherApiService.swift */,
			);
			path = APIHandler;
			sourceTree = "<group>";
		};
		923019902ADEA0F000DCB90D /* Utility */ = {
			isa = PBXGroup;
			children = (
				50ECE7132AE01D53002A0C31 /* Main.storyboard */,
				923019562ADE9ADA00DCB90D /* SceneDelegate.swift */,
				923019542ADE9ADA00DCB90D /* AppDelegate.swift */,
				9230195F2ADE9ADB00DCB90D /* LaunchScreen.storyboard */,
				9230195D2ADE9ADB00DCB90D /* Assets.xcassets */,
				923019A32ADECC7F00DCB90D /* CurrentLocation.swift */,
			);
			path = Utility;
			sourceTree = "<group>";
		};
		923019912ADEA12400DCB90D /* ViewController */ = {
			isa = PBXGroup;
			children = (
				923019862ADE9F3600DCB90D /* CustomCells */,
				923019582ADE9ADA00DCB90D /* ViewController.swift */,
				923019842ADE9EAB00DCB90D /* DetailViewController.swift */,
			);
			path = ViewController;
			sourceTree = "<group>";
		};
		923019922ADEA14100DCB90D /* CommonClass */ = {
			isa = PBXGroup;
			children = (
				923019932ADEA15B00DCB90D /* Enums.swift */,
			);
			path = CommonClass;
			sourceTree = "<group>";
		};
		923019992ADEC58300DCB90D /* ViewModel */ = {
			isa = PBXGroup;
			children = (
				9230199D2ADEC5AD00DCB90D /* CurrentWeatherViewModel.swift */,
				50BA59EB2ADFE02A00618DFF /* WeatherDetailViewmodel.swift */,
			);
			path = ViewModel;
			sourceTree = "<group>";
		};
		9230199A2ADEC58D00DCB90D /* Model */ = {
			isa = PBXGroup;
			children = (
				9230199B2ADEC59F00DCB90D /* CurrentWeatherModel.swift */,
				9230199F2ADEC6B100DCB90D /* ForecastModel.swift */,
			);
			path = Model;
			sourceTree = "<group>";
		};
/* End PBXGroup section */

/* Begin PBXNativeTarget section */
		923019502ADE9ADA00DCB90D /* WeatherApp */ = {
			isa = PBXNativeTarget;
			buildConfigurationList = 9230197B2ADE9ADB00DCB90D /* Build configuration list for PBXNativeTarget "WeatherApp" */;
			buildPhases = (
				9230194D2ADE9ADA00DCB90D /* Sources */,
				9230194E2ADE9ADA00DCB90D /* Frameworks */,
				9230194F2ADE9ADA00DCB90D /* Resources */,
			);
			buildRules = (
			);
			dependencies = (
			);
			name = WeatherApp;
			productName = WeatherApp;
			productReference = 923019512ADE9ADA00DCB90D /* WeatherApp.app */;
			productType = "com.apple.product-type.application";
		};
		923019662ADE9ADB00DCB90D /* WeatherAppTests */ = {
			isa = PBXNativeTarget;
			buildConfigurationList = 9230197E2ADE9ADB00DCB90D /* Build configuration list for PBXNativeTarget "WeatherAppTests" */;
			buildPhases = (
				923019632ADE9ADB00DCB90D /* Sources */,
				923019642ADE9ADB00DCB90D /* Frameworks */,
				923019652ADE9ADB00DCB90D /* Resources */,
			);
			buildRules = (
			);
			dependencies = (
				923019692ADE9ADB00DCB90D /* PBXTargetDependency */,
			);
			name = WeatherAppTests;
			productName = WeatherAppTests;
			productReference = 923019672ADE9ADB00DCB90D /* WeatherAppTests.xctest */;
			productType = "com.apple.product-type.bundle.unit-test";
		};
		923019702ADE9ADB00DCB90D /* WeatherAppUITests */ = {
			isa = PBXNativeTarget;
			buildConfigurationList = 923019812ADE9ADB00DCB90D /* Build configuration list for PBXNativeTarget "WeatherAppUITests" */;
			buildPhases = (
				9230196D2ADE9ADB00DCB90D /* Sources */,
				9230196E2ADE9ADB00DCB90D /* Frameworks */,
				9230196F2ADE9ADB00DCB90D /* Resources */,
			);
			buildRules = (
			);
			dependencies = (
				923019732ADE9ADB00DCB90D /* PBXTargetDependency */,
			);
			name = WeatherAppUITests;
			productName = WeatherAppUITests;
			productReference = 923019712ADE9ADB00DCB90D /* WeatherAppUITests.xctest */;
			productType = "com.apple.product-type.bundle.ui-testing";
		};
/* End PBXNativeTarget section */

/* Begin PBXProject section */
		923019492ADE9ADA00DCB90D /* Project object */ = {
			isa = PBXProject;
			attributes = {
				BuildIndependentTargetsInParallel = 1;
				LastSwiftUpdateCheck = 1500;
				LastUpgradeCheck = 1500;
				TargetAttributes = {
					923019502ADE9ADA00DCB90D = {
						CreatedOnToolsVersion = 15.0;
					};
					923019662ADE9ADB00DCB90D = {
						CreatedOnToolsVersion = 15.0;
						TestTargetID = 923019502ADE9ADA00DCB90D;
					};
					923019702ADE9ADB00DCB90D = {
						CreatedOnToolsVersion = 15.0;
						TestTargetID = 923019502ADE9ADA00DCB90D;
					};
				};
			};
			buildConfigurationList = 9230194C2ADE9ADA00DCB90D /* Build configuration list for PBXProject "WeatherApp" */;
			compatibilityVersion = "Xcode 14.0";
			developmentRegion = en;
			hasScannedForEncodings = 0;
			knownRegions = (
				en,
				Base,
			);
			mainGroup = 923019482ADE9ADA00DCB90D;
			productRefGroup = 923019522ADE9ADA00DCB90D /* Products */;
			projectDirPath = "";
			projectRoot = "";
			targets = (
				923019502ADE9ADA00DCB90D /* WeatherApp */,
				923019662ADE9ADB00DCB90D /* WeatherAppTests */,
				923019702ADE9ADB00DCB90D /* WeatherAppUITests */,
			);
		};
/* End PBXProject section */

/* Begin PBXResourcesBuildPhase section */
		9230194F2ADE9ADA00DCB90D /* Resources */ = {
			isa = PBXResourcesBuildPhase;
			buildActionMask = 2147483647;
			files = (
				923019612ADE9ADB00DCB90D /* LaunchScreen.storyboard in Resources */,
				9230195E2ADE9ADB00DCB90D /* Assets.xcassets in Resources */,
				923019982ADEBA0E00DCB90D /* FoodMenuTableViewCell.xib in Resources */,
				50ECE7142AE01D53002A0C31 /* Main.storyboard in Resources */,
				9230198A2ADE9F5C00DCB90D /* DetailTableViewCell.xib in Resources */,
				50BA59E52ADFC80A00618DFF /* WeatherForecastTableViewCell.xib in Resources */,
			);
			runOnlyForDeploymentPostprocessing = 0;
		};
		923019652ADE9ADB00DCB90D /* Resources */ = {
			isa = PBXResourcesBuildPhase;
			buildActionMask = 2147483647;
			files = (
			);
			runOnlyForDeploymentPostprocessing = 0;
		};
		9230196F2ADE9ADB00DCB90D /* Resources */ = {
			isa = PBXResourcesBuildPhase;
			buildActionMask = 2147483647;
			files = (
			);
			runOnlyForDeploymentPostprocessing = 0;
		};
/* End PBXResourcesBuildPhase section */

/* Begin PBXSourcesBuildPhase section */
		9230194D2ADE9ADA00DCB90D /* Sources */ = {
			isa = PBXSourcesBuildPhase;
			buildActionMask = 2147483647;
			files = (
				9230198C2ADEA07300DCB90D /* APIManager.swift in Sources */,
				923019592ADE9ADA00DCB90D /* ViewController.swift in Sources */,
				50BA59EC2ADFE02A00618DFF /* WeatherDetailViewmodel.swift in Sources */,
				923019552ADE9ADA00DCB90D /* AppDelegate.swift in Sources */,
				923019572ADE9ADA00DCB90D /* SceneDelegate.swift in Sources */,
				923019892ADE9F5C00DCB90D /* DetailTableViewCell.swift in Sources */,
				9230199C2ADEC59F00DCB90D /* CurrentWeatherModel.swift in Sources */,
				9230198F2ADEA08F00DCB90D /* APIServices.swift in Sources */,
				9230199E2ADEC5AD00DCB90D /* CurrentWeatherViewModel.swift in Sources */,
				50BA59E42ADFC80A00618DFF /* WeatherForecastTableViewCell.swift in Sources */,
				50BA59EA2ADFD55D00618DFF /* UIImageView+Ext.swift in Sources */,
				923019942ADEA15B00DCB90D /* Enums.swift in Sources */,
				923019A22ADEC89800DCB90D /* WeatherApiService.swift in Sources */,
				923019A42ADECC7F00DCB90D /* CurrentLocation.swift in Sources */,
				923019962ADEBA0500DCB90D /* FoodMenuTableViewCell.swift in Sources */,
				923019A02ADEC6B100DCB90D /* ForecastModel.swift in Sources */,
				50BA59E82ADFD2A000618DFF /* String+Ext.swift in Sources */,
				923019852ADE9EAB00DCB90D /* DetailViewController.swift in Sources */,
			);
			runOnlyForDeploymentPostprocessing = 0;
		};
		923019632ADE9ADB00DCB90D /* Sources */ = {
			isa = PBXSourcesBuildPhase;
			buildActionMask = 2147483647;
			files = (
				9230196C2ADE9ADB00DCB90D /* WeatherAppTests.swift in Sources */,
			);
			runOnlyForDeploymentPostprocessing = 0;
		};
		9230196D2ADE9ADB00DCB90D /* Sources */ = {
			isa = PBXSourcesBuildPhase;
			buildActionMask = 2147483647;
			files = (
				923019762ADE9ADB00DCB90D /* WeatherAppUITests.swift in Sources */,
				923019782ADE9ADB00DCB90D /* WeatherAppUITestsLaunchTests.swift in Sources */,
			);
			runOnlyForDeploymentPostprocessing = 0;
		};
/* End PBXSourcesBuildPhase section */

/* Begin PBXTargetDependency section */
		923019692ADE9ADB00DCB90D /* PBXTargetDependency */ = {
			isa = PBXTargetDependency;
			target = 923019502ADE9ADA00DCB90D /* WeatherApp */;
			targetProxy = 923019682ADE9ADB00DCB90D /* PBXContainerItemProxy */;
		};
		923019732ADE9ADB00DCB90D /* PBXTargetDependency */ = {
			isa = PBXTargetDependency;
			target = 923019502ADE9ADA00DCB90D /* WeatherApp */;
			targetProxy = 923019722ADE9ADB00DCB90D /* PBXContainerItemProxy */;
		};
/* End PBXTargetDependency section */

/* Begin PBXVariantGroup section */
		9230195F2ADE9ADB00DCB90D /* LaunchScreen.storyboard */ = {
			isa = PBXVariantGroup;
			children = (
				923019602ADE9ADB00DCB90D /* Base */,
			);
			name = LaunchScreen.storyboard;
			sourceTree = "<group>";
		};
/* End PBXVariantGroup section */

/* Begin XCBuildConfiguration section */
		923019792ADE9ADB00DCB90D /* Debug */ = {
			isa = XCBuildConfiguration;
			buildSettings = {
				ALWAYS_SEARCH_USER_PATHS = NO;
				ASSETCATALOG_COMPILER_GENERATE_SWIFT_ASSET_SYMBOL_EXTENSIONS = YES;
				CLANG_ANALYZER_NONNULL = YES;
				CLANG_ANALYZER_NUMBER_OBJECT_CONVERSION = YES_AGGRESSIVE;
				CLANG_CXX_LANGUAGE_STANDARD = "gnu++20";
				CLANG_ENABLE_MODULES = YES;
				CLANG_ENABLE_OBJC_ARC = YES;
				CLANG_ENABLE_OBJC_WEAK = YES;
				CLANG_WARN_BLOCK_CAPTURE_AUTORELEASING = YES;
				CLANG_WARN_BOOL_CONVERSION = YES;
				CLANG_WARN_COMMA = YES;
				CLANG_WARN_CONSTANT_CONVERSION = YES;
				CLANG_WARN_DEPRECATED_OBJC_IMPLEMENTATIONS = YES;
				CLANG_WARN_DIRECT_OBJC_ISA_USAGE = YES_ERROR;
				CLANG_WARN_DOCUMENTATION_COMMENTS = YES;
				CLANG_WARN_EMPTY_BODY = YES;
				CLANG_WARN_ENUM_CONVERSION = YES;
				CLANG_WARN_INFINITE_RECURSION = YES;
				CLANG_WARN_INT_CONVERSION = YES;
				CLANG_WARN_NON_LITERAL_NULL_CONVERSION = YES;
				CLANG_WARN_OBJC_IMPLICIT_RETAIN_SELF = YES;
				CLANG_WARN_OBJC_LITERAL_CONVERSION = YES;
				CLANG_WARN_OBJC_ROOT_CLASS = YES_ERROR;
				CLANG_WARN_QUOTED_INCLUDE_IN_FRAMEWORK_HEADER = YES;
				CLANG_WARN_RANGE_LOOP_ANALYSIS = YES;
				CLANG_WARN_STRICT_PROTOTYPES = YES;
				CLANG_WARN_SUSPICIOUS_MOVE = YES;
				CLANG_WARN_UNGUARDED_AVAILABILITY = YES_AGGRESSIVE;
				CLANG_WARN_UNREACHABLE_CODE = YES;
				CLANG_WARN__DUPLICATE_METHOD_MATCH = YES;
				COPY_PHASE_STRIP = NO;
				DEBUG_INFORMATION_FORMAT = dwarf;
				ENABLE_STRICT_OBJC_MSGSEND = YES;
				ENABLE_TESTABILITY = YES;
				ENABLE_USER_SCRIPT_SANDBOXING = YES;
				GCC_C_LANGUAGE_STANDARD = gnu17;
				GCC_DYNAMIC_NO_PIC = NO;
				GCC_NO_COMMON_BLOCKS = YES;
				GCC_OPTIMIZATION_LEVEL = 0;
				GCC_PREPROCESSOR_DEFINITIONS = (
					"DEBUG=1",
					"$(inherited)",
				);
				GCC_WARN_64_TO_32_BIT_CONVERSION = YES;
				GCC_WARN_ABOUT_RETURN_TYPE = YES_ERROR;
				GCC_WARN_UNDECLARED_SELECTOR = YES;
				GCC_WARN_UNINITIALIZED_AUTOS = YES_AGGRESSIVE;
				GCC_WARN_UNUSED_FUNCTION = YES;
				GCC_WARN_UNUSED_VARIABLE = YES;
				IPHONEOS_DEPLOYMENT_TARGET = 17.0;
				LOCALIZATION_PREFERS_STRING_CATALOGS = YES;
				MTL_ENABLE_DEBUG_INFO = INCLUDE_SOURCE;
				MTL_FAST_MATH = YES;
				ONLY_ACTIVE_ARCH = YES;
				SDKROOT = iphoneos;
				SWIFT_ACTIVE_COMPILATION_CONDITIONS = "DEBUG $(inherited)";
				SWIFT_OPTIMIZATION_LEVEL = "-Onone";
			};
			name = Debug;
		};
		9230197A2ADE9ADB00DCB90D /* Release */ = {
			isa = XCBuildConfiguration;
			buildSettings = {
				ALWAYS_SEARCH_USER_PATHS = NO;
				ASSETCATALOG_COMPILER_GENERATE_SWIFT_ASSET_SYMBOL_EXTENSIONS = YES;
				CLANG_ANALYZER_NONNULL = YES;
				CLANG_ANALYZER_NUMBER_OBJECT_CONVERSION = YES_AGGRESSIVE;
				CLANG_CXX_LANGUAGE_STANDARD = "gnu++20";
				CLANG_ENABLE_MODULES = YES;
				CLANG_ENABLE_OBJC_ARC = YES;
				CLANG_ENABLE_OBJC_WEAK = YES;
				CLANG_WARN_BLOCK_CAPTURE_AUTORELEASING = YES;
				CLANG_WARN_BOOL_CONVERSION = YES;
				CLANG_WARN_COMMA = YES;
				CLANG_WARN_CONSTANT_CONVERSION = YES;
				CLANG_WARN_DEPRECATED_OBJC_IMPLEMENTATIONS = YES;
				CLANG_WARN_DIRECT_OBJC_ISA_USAGE = YES_ERROR;
				CLANG_WARN_DOCUMENTATION_COMMENTS = YES;
				CLANG_WARN_EMPTY_BODY = YES;
				CLANG_WARN_ENUM_CONVERSION = YES;
				CLANG_WARN_INFINITE_RECURSION = YES;
				CLANG_WARN_INT_CONVERSION = YES;
				CLANG_WARN_NON_LITERAL_NULL_CONVERSION = YES;
				CLANG_WARN_OBJC_IMPLICIT_RETAIN_SELF = YES;
				CLANG_WARN_OBJC_LITERAL_CONVERSION = YES;
				CLANG_WARN_OBJC_ROOT_CLASS = YES_ERROR;
				CLANG_WARN_QUOTED_INCLUDE_IN_FRAMEWORK_HEADER = YES;
				CLANG_WARN_RANGE_LOOP_ANALYSIS = YES;
				CLANG_WARN_STRICT_PROTOTYPES = YES;
				CLANG_WARN_SUSPICIOUS_MOVE = YES;
				CLANG_WARN_UNGUARDED_AVAILABILITY = YES_AGGRESSIVE;
				CLANG_WARN_UNREACHABLE_CODE = YES;
				CLANG_WARN__DUPLICATE_METHOD_MATCH = YES;
				COPY_PHASE_STRIP = NO;
				DEBUG_INFORMATION_FORMAT = "dwarf-with-dsym";
				ENABLE_NS_ASSERTIONS = NO;
				ENABLE_STRICT_OBJC_MSGSEND = YES;
				ENABLE_USER_SCRIPT_SANDBOXING = YES;
				GCC_C_LANGUAGE_STANDARD = gnu17;
				GCC_NO_COMMON_BLOCKS = YES;
				GCC_WARN_64_TO_32_BIT_CONVERSION = YES;
				GCC_WARN_ABOUT_RETURN_TYPE = YES_ERROR;
				GCC_WARN_UNDECLARED_SELECTOR = YES;
				GCC_WARN_UNINITIALIZED_AUTOS = YES_AGGRESSIVE;
				GCC_WARN_UNUSED_FUNCTION = YES;
				GCC_WARN_UNUSED_VARIABLE = YES;
				IPHONEOS_DEPLOYMENT_TARGET = 17.0;
				LOCALIZATION_PREFERS_STRING_CATALOGS = YES;
				MTL_ENABLE_DEBUG_INFO = NO;
				MTL_FAST_MATH = YES;
				SDKROOT = iphoneos;
				SWIFT_COMPILATION_MODE = wholemodule;
				VALIDATE_PRODUCT = YES;
			};
			name = Release;
		};
		9230197C2ADE9ADB00DCB90D /* Debug */ = {
			isa = XCBuildConfiguration;
			buildSettings = {
				ASSETCATALOG_COMPILER_APPICON_NAME = AppIcon;
				ASSETCATALOG_COMPILER_GLOBAL_ACCENT_COLOR_NAME = AccentColor;
				CODE_SIGN_STYLE = Automatic;
				CURRENT_PROJECT_VERSION = 1;
				GENERATE_INFOPLIST_FILE = YES;
				INFOPLIST_FILE = WeatherApp/Info.plist;
				INFOPLIST_KEY_UIApplicationSupportsIndirectInputEvents = YES;
				INFOPLIST_KEY_UILaunchStoryboardName = LaunchScreen;
				INFOPLIST_KEY_UIMainStoryboardFile = Main;
				INFOPLIST_KEY_UISupportedInterfaceOrientations_iPad = "UIInterfaceOrientationPortrait UIInterfaceOrientationPortraitUpsideDown UIInterfaceOrientationLandscapeLeft UIInterfaceOrientationLandscapeRight";
				INFOPLIST_KEY_UISupportedInterfaceOrientations_iPhone = "UIInterfaceOrientationPortrait UIInterfaceOrientationLandscapeLeft UIInterfaceOrientationLandscapeRight";
				IPHONEOS_DEPLOYMENT_TARGET = 13.0;
				LD_RUNPATH_SEARCH_PATHS = (
					"$(inherited)",
					"@executable_path/Frameworks",
				);
				MARKETING_VERSION = 1.0;
				PRODUCT_BUNDLE_IDENTIFIER = rashidakapadia.WeatherApp;
				PRODUCT_NAME = "$(TARGET_NAME)";
				SWIFT_EMIT_LOC_STRINGS = YES;
				SWIFT_VERSION = 5.0;
				TARGETED_DEVICE_FAMILY = "1,2";
			};
			name = Debug;
		};
		9230197D2ADE9ADB00DCB90D /* Release */ = {
			isa = XCBuildConfiguration;
			buildSettings = {
				ASSETCATALOG_COMPILER_APPICON_NAME = AppIcon;
				ASSETCATALOG_COMPILER_GLOBAL_ACCENT_COLOR_NAME = AccentColor;
				CODE_SIGN_STYLE = Automatic;
				CURRENT_PROJECT_VERSION = 1;
				GENERATE_INFOPLIST_FILE = YES;
				INFOPLIST_FILE = WeatherApp/Info.plist;
				INFOPLIST_KEY_UIApplicationSupportsIndirectInputEvents = YES;
				INFOPLIST_KEY_UILaunchStoryboardName = LaunchScreen;
				INFOPLIST_KEY_UIMainStoryboardFile = Main;
				INFOPLIST_KEY_UISupportedInterfaceOrientations_iPad = "UIInterfaceOrientationPortrait UIInterfaceOrientationPortraitUpsideDown UIInterfaceOrientationLandscapeLeft UIInterfaceOrientationLandscapeRight";
				INFOPLIST_KEY_UISupportedInterfaceOrientations_iPhone = "UIInterfaceOrientationPortrait UIInterfaceOrientationLandscapeLeft UIInterfaceOrientationLandscapeRight";
				IPHONEOS_DEPLOYMENT_TARGET = 13.0;
				LD_RUNPATH_SEARCH_PATHS = (
					"$(inherited)",
					"@executable_path/Frameworks",
				);
				MARKETING_VERSION = 1.0;
				PRODUCT_BUNDLE_IDENTIFIER = rashidakapadia.WeatherApp;
				PRODUCT_NAME = "$(TARGET_NAME)";
				SWIFT_EMIT_LOC_STRINGS = YES;
				SWIFT_VERSION = 5.0;
				TARGETED_DEVICE_FAMILY = "1,2";
			};
			name = Release;
		};
		9230197F2ADE9ADB00DCB90D /* Debug */ = {
			isa = XCBuildConfiguration;
			buildSettings = {
				ALWAYS_EMBED_SWIFT_STANDARD_LIBRARIES = YES;
				BUNDLE_LOADER = "$(TEST_HOST)";
				CODE_SIGN_STYLE = Automatic;
				CURRENT_PROJECT_VERSION = 1;
				GENERATE_INFOPLIST_FILE = YES;
				IPHONEOS_DEPLOYMENT_TARGET = 17.0;
				MARKETING_VERSION = 1.0;
				PRODUCT_BUNDLE_IDENTIFIER = rashidakapadia.WeatherAppTests;
				PRODUCT_NAME = "$(TARGET_NAME)";
				SWIFT_EMIT_LOC_STRINGS = NO;
				SWIFT_VERSION = 5.0;
				TARGETED_DEVICE_FAMILY = "1,2";
				TEST_HOST = "$(BUILT_PRODUCTS_DIR)/WeatherApp.app/$(BUNDLE_EXECUTABLE_FOLDER_PATH)/WeatherApp";
			};
			name = Debug;
		};
		923019802ADE9ADB00DCB90D /* Release */ = {
			isa = XCBuildConfiguration;
			buildSettings = {
				ALWAYS_EMBED_SWIFT_STANDARD_LIBRARIES = YES;
				BUNDLE_LOADER = "$(TEST_HOST)";
				CODE_SIGN_STYLE = Automatic;
				CURRENT_PROJECT_VERSION = 1;
				GENERATE_INFOPLIST_FILE = YES;
				IPHONEOS_DEPLOYMENT_TARGET = 17.0;
				MARKETING_VERSION = 1.0;
				PRODUCT_BUNDLE_IDENTIFIER = rashidakapadia.WeatherAppTests;
				PRODUCT_NAME = "$(TARGET_NAME)";
				SWIFT_EMIT_LOC_STRINGS = NO;
				SWIFT_VERSION = 5.0;
				TARGETED_DEVICE_FAMILY = "1,2";
				TEST_HOST = "$(BUILT_PRODUCTS_DIR)/WeatherApp.app/$(BUNDLE_EXECUTABLE_FOLDER_PATH)/WeatherApp";
			};
			name = Release;
		};
		923019822ADE9ADB00DCB90D /* Debug */ = {
			isa = XCBuildConfiguration;
			buildSettings = {
				ALWAYS_EMBED_SWIFT_STANDARD_LIBRARIES = YES;
				CODE_SIGN_STYLE = Automatic;
				CURRENT_PROJECT_VERSION = 1;
				GENERATE_INFOPLIST_FILE = YES;
				MARKETING_VERSION = 1.0;
				PRODUCT_BUNDLE_IDENTIFIER = rashidakapadia.WeatherAppUITests;
				PRODUCT_NAME = "$(TARGET_NAME)";
				SWIFT_EMIT_LOC_STRINGS = NO;
				SWIFT_VERSION = 5.0;
				TARGETED_DEVICE_FAMILY = "1,2";
				TEST_TARGET_NAME = WeatherApp;
			};
			name = Debug;
		};
		923019832ADE9ADB00DCB90D /* Release */ = {
			isa = XCBuildConfiguration;
			buildSettings = {
				ALWAYS_EMBED_SWIFT_STANDARD_LIBRARIES = YES;
				CODE_SIGN_STYLE = Automatic;
				CURRENT_PROJECT_VERSION = 1;
				GENERATE_INFOPLIST_FILE = YES;
				MARKETING_VERSION = 1.0;
				PRODUCT_BUNDLE_IDENTIFIER = rashidakapadia.WeatherAppUITests;
				PRODUCT_NAME = "$(TARGET_NAME)";
				SWIFT_EMIT_LOC_STRINGS = NO;
				SWIFT_VERSION = 5.0;
				TARGETED_DEVICE_FAMILY = "1,2";
				TEST_TARGET_NAME = WeatherApp;
			};
			name = Release;
		};
/* End XCBuildConfiguration section */

/* Begin XCConfigurationList section */
		9230194C2ADE9ADA00DCB90D /* Build configuration list for PBXProject "WeatherApp" */ = {
			isa = XCConfigurationList;
			buildConfigurations = (
				923019792ADE9ADB00DCB90D /* Debug */,
				9230197A2ADE9ADB00DCB90D /* Release */,
			);
			defaultConfigurationIsVisible = 0;
			defaultConfigurationName = Release;
		};
		9230197B2ADE9ADB00DCB90D /* Build configuration list for PBXNativeTarget "WeatherApp" */ = {
			isa = XCConfigurationList;
			buildConfigurations = (
				9230197C2ADE9ADB00DCB90D /* Debug */,
				9230197D2ADE9ADB00DCB90D /* Release */,
			);
			defaultConfigurationIsVisible = 0;
			defaultConfigurationName = Release;
		};
		9230197E2ADE9ADB00DCB90D /* Build configuration list for PBXNativeTarget "WeatherAppTests" */ = {
			isa = XCConfigurationList;
			buildConfigurations = (
				9230197F2ADE9ADB00DCB90D /* Debug */,
				923019802ADE9ADB00DCB90D /* Release */,
			);
			defaultConfigurationIsVisible = 0;
			defaultConfigurationName = Release;
		};
		923019812ADE9ADB00DCB90D /* Build configuration list for PBXNativeTarget "WeatherAppUITests" */ = {
			isa = XCConfigurationList;
			buildConfigurations = (
				923019822ADE9ADB00DCB90D /* Debug */,
				923019832ADE9ADB00DCB90D /* Release */,
			);
			defaultConfigurationIsVisible = 0;
			defaultConfigurationName = Release;
		};
/* End XCConfigurationList section */
	};
	rootObject = 923019492ADE9ADA00DCB90D /* Project object */;
}
